
Microsoft Visual Studio Solution File, Format Version 12.00
# Visual Studio 15
VisualStudioVersion = 15.0.28307.489
MinimumVisualStudioVersion = 10.0.40219.1
Project("{FAE04EC0-301F-11D3-BF4B-00C04F79EFBC}") = "John.Scribble.Shell", "John.Scribble.Shell\John.Scribble.Shell.csproj", "{21DDA796-752D-41EB-86BD-011220412B4A}"
EndProject
Project("{2150E333-8FDC-42A3-9474-1A3956D46DE8}") = "Shell", "Shell", "{A6CD9E4F-910C-4ABE-823B-EAFF13343828}"
EndProject
Project("{FAE04EC0-301F-11D3-BF4B-00C04F79EFBC}") = "John.Scribble.Canvas", "John.Scribble.Canvas\John.Scribble.Canvas.csproj", "{721F9B9F-7F4B-4E90-A404-9BCAB03936D7}"
EndProject
Project("{FAE04EC0-301F-11D3-BF4B-00C04F79EFBC}") = "John.Scribble.Menubar", "John.Scribble.Menubar\John.Scribble.Menubar.csproj", "{5A3A08A8-0870-4D81-81E9-B2C195B16AAA}"
EndProject
Project("{FAE04EC0-301F-11D3-BF4B-00C04F79EFBC}") = "John.Scribble.Statusbar", "John.Scribble.Statusbar\John.Scribble.Statusbar.csproj", "{BCF4D868-BA29-4E73-94EE-B23A38BA467B}"
EndProject
Project("{2150E333-8FDC-42A3-9474-1A3956D46DE8}") = "Modules", "Modules", "{210FD5FE-0701-4D56-89CE-3BCAF2C20556}"
EndProject
Project("{FAE04EC0-301F-11D3-BF4B-00C04F79EFBC}") = "John.Scribble.Infrastructure", "John.Scribble.Infrastructure\John.Scribble.Infrastructure.csproj", "{641FD91B-9B22-49EB-A8C1-6376F2CD2179}"
EndProject
Project("{2150E333-8FDC-42A3-9474-1A3956D46DE8}") = "Framework", "Framework", "{72E3467F-D503-4461-899E-DEAB28F09A03}"
EndProject
Project("{2150E333-8FDC-42A3-9474-1A3956D46DE8}") = "Solution Items", "Solution Items", "{EF22B719-01A5-462B-ADB6-5B074ABB5026}"
	ProjectSection(SolutionItems) = preProject
		ReadMe.md = ReadMe.md
	EndProjectSection
EndProject
Global
	GlobalSection(SolutionConfigurationPlatforms) = preSolution
		Debug|Any CPU = Debug|Any CPU
		Debug|Mixed Platforms = Debug|Mixed Platforms
		Debug|x86 = Debug|x86
		Release|Any CPU = Release|Any CPU
		Release|Mixed Platforms = Release|Mixed Platforms
		Release|x86 = Release|x86
	EndGlobalSection
	GlobalSection(ProjectConfigurationPlatforms) = postSolution
		{21DDA796-752D-41EB-86BD-011220412B4A}.Debug|Any CPU.ActiveCfg = Debug|x86
		{21DDA796-752D-41EB-86BD-011220412B4A}.Debug|Mixed Platforms.ActiveCfg = Debug|x86
		{21DDA796-752D-41EB-86BD-011220412B4A}.Debug|Mixed Platforms.Build.0 = Debug|x86
		{21DDA796-752D-41EB-86BD-011220412B4A}.Debug|x86.ActiveCfg = Debug|x86
		{21DDA796-752D-41EB-86BD-011220412B4A}.Debug|x86.Build.0 = Debug|x86
		{21DDA796-752D-41EB-86BD-011220412B4A}.Release|Any CPU.ActiveCfg = Release|x86
		{21DDA796-752D-41EB-86BD-011220412B4A}.Release|Mixed Platforms.ActiveCfg = Release|x86
		{21DDA796-752D-41EB-86BD-011220412B4A}.Release|Mixed Platforms.Build.0 = Release|x86
		{21DDA796-752D-41EB-86BD-011220412B4A}.Release|x86.ActiveCfg = Release|x86
		{21DDA796-752D-41EB-86BD-011220412B4A}.Release|x86.Build.0 = Release|x86
		{721F9B9F-7F4B-4E90-A404-9BCAB03936D7}.Debug|Any CPU.ActiveCfg = Debug|Any CPU
		{721F9B9F-7F4B-4E90-A404-9BCAB03936D7}.Debug|Any CPU.Build.0 = Debug|Any CPU
		{721F9B9F-7F4B-4E90-A404-9BCAB03936D7}.Debug|Mixed Platforms.ActiveCfg = Debug|Any CPU
		{721F9B9F-7F4B-4E90-A404-9BCAB03936D7}.Debug|Mixed Platforms.Build.0 = Debug|Any CPU
		{721F9B9F-7F4B-4E90-A404-9BCAB03936D7}.Debug|x86.ActiveCfg = Debug|Any CPU
		{721F9B9F-7F4B-4E90-A404-9BCAB03936D7}.Release|Any CPU.ActiveCfg = Release|Any CPU
		{721F9B9F-7F4B-4E90-A404-9BCAB03936D7}.Release|Any CPU.Build.0 = Release|Any CPU
		{721F9B9F-7F4B-4E90-A404-9BCAB03936D7}.Release|Mixed Platforms.ActiveCfg = Release|Any CPU
		{721F9B9F-7F4B-4E90-A404-9BCAB03936D7}.Release|Mixed Platforms.Build.0 = Release|Any CPU
		{721F9B9F-7F4B-4E90-A404-9BCAB03936D7}.Release|x86.ActiveCfg = Release|Any CPU
		{5A3A08A8-0870-4D81-81E9-B2C195B16AAA}.Debug|Any CPU.ActiveCfg = Debug|Any CPU
		{5A3A08A8-0870-4D81-81E9-B2C195B16AAA}.Debug|Any CPU.Build.0 = Debug|Any CPU
		{5A3A08A8-0870-4D81-81E9-B2C195B16AAA}.Debug|Mixed Platforms.ActiveCfg = Debug|Any CPU
		{5A3A08A8-0870-4D81-81E9-B2C195B16AAA}.Debug|Mixed Platforms.Build.0 = Debug|Any CPU
		{5A3A08A8-0870-4D81-81E9-B2C195B16AAA}.Debug|x86.ActiveCfg = Debug|Any CPU
		{5A3A08A8-0870-4D81-81E9-B2C195B16AAA}.Release|Any CPU.ActiveCfg = Release|Any CPU
		{5A3A08A8-0870-4D81-81E9-B2C195B16AAA}.Release|Any CPU.Build.0 = Release|Any CPU
		{5A3A08A8-0870-4D81-81E9-B2C195B16AAA}.Release|Mixed Platforms.ActiveCfg = Release|Any CPU
		{5A3A08A8-0870-4D81-81E9-B2C195B16AAA}.Release|Mixed Platforms.Build.0 = Release|Any CPU
		{5A3A08A8-0870-4D81-81E9-B2C195B16AAA}.Release|x86.ActiveCfg = Release|Any CPU
		{BCF4D868-BA29-4E73-94EE-B23A38BA467B}.Debug|Any CPU.ActiveCfg = Debug|Any CPU
		{BCF4D868-BA29-4E73-94EE-B23A38BA467B}.Debug|Any CPU.Build.0 = Debug|Any CPU
		{BCF4D868-BA29-4E73-94EE-B23A38BA467B}.Debug|Mixed Platforms.ActiveCfg = Debug|Any CPU
		{BCF4D868-BA29-4E73-94EE-B23A38BA467B}.Debug|Mixed Platforms.Build.0 = Debug|Any CPU
		{BCF4D868-BA29-4E73-94EE-B23A38BA467B}.Debug|x86.ActiveCfg = Debug|Any CPU
		{BCF4D868-BA29-4E73-94EE-B23A38BA467B}.Release|Any CPU.ActiveCfg = Release|Any CPU
		{BCF4D868-BA29-4E73-94EE-B23A38BA467B}.Release|Any CPU.Build.0 = Release|Any CPU
		{BCF4D868-BA29-4E73-94EE-B23A38BA467B}.Release|Mixed Platforms.ActiveCfg = Release|Any CPU
		{BCF4D868-BA29-4E73-94EE-B23A38BA467B}.Release|Mixed Platforms.Build.0 = Release|Any CPU
		{BCF4D868-BA29-4E73-94EE-B23A38BA467B}.Release|x86.ActiveCfg = Release|Any CPU
		{641FD91B-9B22-49EB-A8C1-6376F2CD2179}.Debug|Any CPU.ActiveCfg = Debug|Any CPU
		{641FD91B-9B22-49EB-A8C1-6376F2CD2179}.Debug|Any CPU.Build.0 = Debug|Any CPU
		{641FD91B-9B22-49EB-A8C1-6376F2CD2179}.Debug|Mixed Platforms.ActiveCfg = Debug|Any CPU
		{641FD91B-9B22-49EB-A8C1-6376F2CD2179}.Debug|Mixed Platforms.Build.0 = Debug|Any CPU
		{641FD91B-9B22-49EB-A8C1-6376F2CD2179}.Debug|x86.ActiveCfg = Debug|Any CPU
		{641FD91B-9B22-49EB-A8C1-6376F2CD2179}.Release|Any CPU.ActiveCfg = Release|Any CPU
		{641FD91B-9B22-49EB-A8C1-6376F2CD2179}.Release|Any CPU.Build.0 = Release|Any CPU
		{641FD91B-9B22-49EB-A8C1-6376F2CD2179}.Release|Mixed Platforms.ActiveCfg = Release|Any CPU
		{641FD91B-9B22-49EB-A8C1-6376F2CD2179}.Release|Mixed Platforms.Build.0 = Release|Any CPU
		{641FD91B-9B22-49EB-A8C1-6376F2CD2179}.Release|x86.ActiveCfg = Release|Any CPU
	EndGlobalSection
	GlobalSection(SolutionProperties) = preSolution
		HideSolutionNode = FALSE
	EndGlobalSection
	GlobalSection(NestedProjects) = preSolution
		{21DDA796-752D-41EB-86BD-011220412B4A} = {A6CD9E4F-910C-4ABE-823B-EAFF13343828}
		{721F9B9F-7F4B-4E90-A404-9BCAB03936D7} = {210FD5FE-0701-4D56-89CE-3BCAF2C20556}
		{5A3A08A8-0870-4D81-81E9-B2C195B16AAA} = {210FD5FE-0701-4D56-89CE-3BCAF2C20556}
		{BCF4D868-BA29-4E73-94EE-B23A38BA467B} = {210FD5FE-0701-4D56-89CE-3BCAF2C20556}
		{641FD91B-9B22-49EB-A8C1-6376F2CD2179} = {72E3467F-D503-4461-899E-DEAB28F09A03}
	EndGlobalSection
	GlobalSection(ExtensibilityGlobals) = postSolution
		SolutionGuid = {96D93C2B-0EFA-4EE3-BBD2-49ABE7009218}
	EndGlobalSection
EndGlobal
